PODS:
  - AcknowList (1.8)
  - Alamofire (4.8.1)
  - AutoInsetter (1.3.0)
  - BrotliKit (1.0.1)
  - Cache (5.2.0)
  - DynamicColor (4.0.3)
  - Eureka (4.3.1)
  - FMDB (2.7.5):
    - FMDB/standard (= 2.7.5)
  - FMDB/standard (2.7.5)
  - Gestalt (1.1.0)
  - ImageViewer (5.0.0)
  - Kingfisher (5.3.0)
  - KingfisherWebP (0.5.0):
    - Kingfisher (~> 5.0)
    - libwebp (>= 0.5.0)
  - libwebp (1.0.0):
    - libwebp/core (= 1.0.0)
    - libwebp/dec (= 1.0.0)
    - libwebp/demux (= 1.0.0)
    - libwebp/dsp (= 1.0.0)
    - libwebp/enc (= 1.0.0)
    - libwebp/mux (= 1.0.0)
    - libwebp/utils (= 1.0.0)
    - libwebp/webp (= 1.0.0)
  - libwebp/core (1.0.0):
    - libwebp/webp
  - libwebp/dec (1.0.0):
    - libwebp/core
  - libwebp/demux (1.0.0):
    - libwebp/core
  - libwebp/dsp (1.0.0):
    - libwebp/core
  - libwebp/enc (1.0.0):
    - libwebp/core
  - libwebp/mux (1.0.0):
    - libwebp/core
  - libwebp/utils (1.0.0):
    - libwebp/core
  - libwebp/webp (1.0.0)
  - lz4 (128)
  - MJRefresh (3.1.16)
  - Pageboy (2.6.1)
  - ReachabilitySwift (4.3.0)
  - SnapKit (4.2.0)
  - SwiftyJSON (4.2.0)
  - Tabman (1.10.2):
    - AutoInsetter (~> 1.3.0)
    - Pageboy (~> 2.6.0)
  - Timepiece (1.3.1)
  - TTGTagCollectionView (1.11.1)

DEPENDENCIES:
  - AcknowList
  - Alamofire
  - BrotliKit
  - Cache (from `https://github.com/Igor-Palaguta/Cache`, branch `Update-MD5`)
  - DynamicColor
  - Eureka
  - FMDB
  - Gestalt
  - ImageViewer (from `https://github.com/superk589/ImageViewer.git`)
  - Kingfisher
  - KingfisherWebP
  - lz4
  - MJRefresh
  - ReachabilitySwift
  - SnapKit
  - SwiftyJSON
  - Tabman (from `https://github.com/superk589/Tabman.git`)
  - Timepiece
  - TTGTagCollectionView

SPEC REPOS:
  https://github.com/cocoapods/specs.git:
    - AcknowList
    - Alamofire
    - AutoInsetter
    - BrotliKit
    - DynamicColor
    - Eureka
    - FMDB
    - Gestalt
    - Kingfisher
    - KingfisherWebP
    - libwebp
    - lz4
    - MJRefresh
    - Pageboy
    - ReachabilitySwift
    - SnapKit
    - SwiftyJSON
    - Timepiece
    - TTGTagCollectionView

EXTERNAL SOURCES:
  Cache:
    :branch: Update-MD5
    :git: https://github.com/Igor-Palaguta/Cache
  ImageViewer:
    :git: https://github.com/superk589/ImageViewer.git
  Tabman:
    :git: https://github.com/superk589/Tabman.git

CHECKOUT OPTIONS:
  Cache:
    :commit: 560f00a9a9549db161ca70d96eed74fc580b03e3
    :git: https://github.com/Igor-Palaguta/Cache
  ImageViewer:
    :commit: e17c8a76e2d248eaed459a755aecc29b3948c57e
    :git: https://github.com/superk589/ImageViewer.git
  Tabman:
    :commit: 2a74059ec2c997957e54b4d2432c4c9b38a0d283
    :git: https://github.com/superk589/Tabman.git

SPEC CHECKSUMS:
  AcknowList: 5b8820004d019d0a8d6a091ea2392dcb54bd3ad2
  Alamofire: 16ce2c353fb72865124ddae8a57c5942388f4f11
  AutoInsetter: 0ea4dddc17042ab45114ec5d5980764efae98584
  BrotliKit: b28f7dfde4436acc7e990e73a313ed8c40ba23e7
  Cache: 807c5d86d01a177f06ede9865add3aea269bbfd4
  DynamicColor: bf19b33fe404c59a68e64af95cc6b017346e7e75
  Eureka: 28ea296f06710f6745266b71f17862048941a32d
  FMDB: 2ce00b547f966261cd18927a3ddb07cb6f3db82a
  Gestalt: be239fdeee2de30b2468865cf5e24b7923f507c2
  ImageViewer: 997018c2f4f7f9830602349bbcc3b2b776424942
  Kingfisher: 4692c783ffb99e9e2e40a6eb3e518c3b96c6fa8c
  KingfisherWebP: 310f69a932151c526a7649de965f57e56918c8d0
  libwebp: d7e0c95fe97245c97e08101eba10702ebb0f6101
  lz4: 5e066195ca751d552becaa026f8fe213ff738adf
  MJRefresh: 7798e16e53a5ef7f332dd05b27664db4e29530fd
  Pageboy: c2a25d1c280e9b622014b692626f1ff9298e0ad2
  ReachabilitySwift: 408477d1b6ed9779dba301953171e017c31241f3
  SnapKit: fe8a619752f3f27075cc9a90244d75c6c3f27e2a
  SwiftyJSON: c4bcba26dd9ec7a027fc8eade48e2c911f229e96
  Tabman: c8bc49ed4e2eca020e08d6d7de50bb86f2231b10
  Timepiece: c0760ec0e545697d86b80424dcd2b4d5ef66cf51
  TTGTagCollectionView: 86fcbfa6a7493c9e860b01c2e693cffc8acf6de1

PODFILE CHECKSUM: d82d68057d626b1a06c5503baf8c49143a9a9d1a

COCOAPODS: 1.7.0.beta.2
