PODS:
  - AcknowList (1.7)
  - Alamofire (4.7.3)
  - AutoInsetter (1.2.6)
  - BrotliKit (1.0.1)
  - Cache (5.2.0)
  - DynamicColor (4.0.2)
  - Eureka (4.3.0)
  - FMDB (2.7.2):
    - FMDB/standard (= 2.7.2)
  - FMDB/standard (2.7.2)
  - Gestalt (1.1.0)
  - ImageViewer (5.0.0)
  - Kingfisher (4.10.0)
  - KingfisherWebP (0.4.2):
    - Kingfisher (~> 4.0)
    - libwebp (>= 0.5.0)
  - libwebp (1.0.0):
    - libwebp/core (= 1.0.0)
    - libwebp/dec (= 1.0.0)
    - libwebp/demux (= 1.0.0)
    - libwebp/dsp (= 1.0.0)
    - libwebp/enc (= 1.0.0)
    - libwebp/mux (= 1.0.0)
    - libwebp/utils (= 1.0.0)
    - libwebp/webp (= 1.0.0)
  - libwebp/core (1.0.0):
    - libwebp/webp
  - libwebp/dec (1.0.0):
    - libwebp/core
  - libwebp/demux (1.0.0):
    - libwebp/core
  - libwebp/dsp (1.0.0):
    - libwebp/core
  - libwebp/enc (1.0.0):
    - libwebp/core
  - libwebp/mux (1.0.0):
    - libwebp/core
  - libwebp/utils (1.0.0):
    - libwebp/core
  - libwebp/webp (1.0.0)
  - lz4 (128)
  - MJRefresh (3.1.15.7)
  - Pageboy (2.5.4)
  - ReachabilitySwift (4.2.1)
  - SnapKit (4.0.1)
  - SwiftyJSON (4.2.0)
  - Tabman (1.9.0):
    - AutoInsetter (~> 1.2.0)
    - Pageboy (~> 2.5.0)
  - Timepiece (1.3.1)
  - TTGTagCollectionView (1.9.0)

DEPENDENCIES:
  - AcknowList
  - Alamofire
  - BrotliKit
  - Cache
  - DynamicColor
  - Eureka
  - FMDB
  - Gestalt
  - ImageViewer (from `https://github.com/superk589/ImageViewer.git`)
  - Kingfisher
  - KingfisherWebP
  - lz4
  - MJRefresh
  - ReachabilitySwift
  - SnapKit
  - SwiftyJSON
  - Tabman (from `https://github.com/superk589/Tabman.git`)
  - Timepiece
  - TTGTagCollectionView

SPEC REPOS:
  https://github.com/cocoapods/specs.git:
    - AcknowList
    - Alamofire
    - AutoInsetter
    - BrotliKit
    - Cache
    - DynamicColor
    - Eureka
    - FMDB
    - Gestalt
    - Kingfisher
    - KingfisherWebP
    - libwebp
    - lz4
    - MJRefresh
    - Pageboy
    - ReachabilitySwift
    - SnapKit
    - SwiftyJSON
    - Timepiece
    - TTGTagCollectionView

EXTERNAL SOURCES:
  ImageViewer:
    :git: https://github.com/superk589/ImageViewer.git
  Tabman:
    :git: https://github.com/superk589/Tabman.git

CHECKOUT OPTIONS:
  ImageViewer:
    :commit: e17c8a76e2d248eaed459a755aecc29b3948c57e
    :git: https://github.com/superk589/ImageViewer.git
  Tabman:
    :commit: 14f0062f5919e6d9c02b3268c79d8d923b118830
    :git: https://github.com/superk589/Tabman.git

SPEC CHECKSUMS:
  AcknowList: 286185b24c2c2df63a2bb4137f853e4384b4358b
  Alamofire: c7287b6e5d7da964a70935e5db17046b7fde6568
  AutoInsetter: 3713c857f3c0cc4b6265fe55ecf0c14bfe8622ee
  BrotliKit: b28f7dfde4436acc7e990e73a313ed8c40ba23e7
  Cache: 807c5d86d01a177f06ede9865add3aea269bbfd4
  DynamicColor: c7adcfe871781a2b39877a5774e452ba51b79eb3
  Eureka: 6d711cb30ca333b4bc893110285a722ae3840114
  FMDB: 6198a90e7b6900cfc046e6bc0ef6ebb7be9236aa
  Gestalt: be239fdeee2de30b2468865cf5e24b7923f507c2
  ImageViewer: 997018c2f4f7f9830602349bbcc3b2b776424942
  Kingfisher: 43c4b802d8b5256cf1f4379e9cd10b329be6d3e2
  KingfisherWebP: 53632f3da248ccabd4999d775903d6ae0aaa7768
  libwebp: d7e0c95fe97245c97e08101eba10702ebb0f6101
  lz4: 5e066195ca751d552becaa026f8fe213ff738adf
  MJRefresh: 697f8ec75ebdbe9207767bb682cf0f51b0d8a41f
  Pageboy: 46d743783414a18f8b27a988485e0ed2ea219ff7
  ReachabilitySwift: 35720ffea59c1c76d15f885be77fd33e33985427
  SnapKit: 0de968a9fec17499afa29683b05d0c775b6d1c29
  SwiftyJSON: c4bcba26dd9ec7a027fc8eade48e2c911f229e96
  Tabman: d3da731f3bbb1dc04f2cdcac691fcecfffee7b97
  Timepiece: c0760ec0e545697d86b80424dcd2b4d5ef66cf51
  TTGTagCollectionView: 958f20b946dee92a8ba20dc37d10a06737641ae9

PODFILE CHECKSUM: 5fa7b35ba2c2ccc95f39bfc16ee54963c01169f5

COCOAPODS: 1.6.0.beta.2
